
Microsoft Visual Studio Solution File, Format Version 12.00
# Visual Studio Version 17
VisualStudioVersion = 17.9.34723.18
MinimumVisualStudioVersion = 10.0.40219.1
Project("{FAE04EC0-301F-11D3-BF4B-00C04F79EFBC}") = "ListaDeContatosT6", "ListaDeContatosT6.csproj", "{90767F03-3403-4492-992E-45479A6607DF}"
EndProject
Global
	GlobalSection(SolutionConfigurationPlatforms) = preSolution
		Debug|Any CPU = Debug|Any CPU
		Release|Any CPU = Release|Any CPU
	EndGlobalSection
	GlobalSection(ProjectConfigurationPlatforms) = postSolution
		{90767F03-3403-4492-992E-45479A6607DF}.Debug|Any CPU.ActiveCfg = Debug|Any CPU
		{90767F03-3403-4492-992E-45479A6607DF}.Debug|Any CPU.Build.0 = Debug|Any CPU
		{90767F03-3403-4492-992E-45479A6607DF}.Release|Any CPU.ActiveCfg = Release|Any CPU
		{90767F03-3403-4492-992E-45479A6607DF}.Release|Any CPU.Build.0 = Release|Any CPU
	EndGlobalSection
	GlobalSection(SolutionProperties) = preSolution
		HideSolutionNode = FALSE
	EndGlobalSection
	GlobalSection(ExtensibilityGlobals) = postSolution
		SolutionGuid = {E4ED7888-0C5E-4BDE-A4C2-E376498A9D7C}
	EndGlobalSection
EndGlobal
